
Microsoft Visual Studio Solution File, Format Version 12.00
# Visual Studio Version 17
VisualStudioVersion = 17.5.002.0
MinimumVisualStudioVersion = 10.0.40219.1
Project("{9A19103F-16F7-4668-BE54-9A1E7A4F7556}") = "Z1", "Z1\Z1.csproj", "{9A0C557C-12E6-4094-A5AF-FC68E6E99937}"
EndProject
Project("{9A19103F-16F7-4668-BE54-9A1E7A4F7556}") = "Z2", "Z2\Z2.csproj", "{EE554D2E-97AF-4360-B42F-7752036B9145}"
EndProject
Project("{9A19103F-16F7-4668-BE54-9A1E7A4F7556}") = "Z3", "Z3\Z3.csproj", "{0C194821-F86C-4E0C-B277-CF608AA2CA09}"
EndProject
Global
	GlobalSection(SolutionConfigurationPlatforms) = preSolution
		Debug|Any CPU = Debug|Any CPU
		Release|Any CPU = Release|Any CPU
	EndGlobalSection
	GlobalSection(ProjectConfigurationPlatforms) = postSolution
		{9A0C557C-12E6-4094-A5AF-FC68E6E99937}.Debug|Any CPU.ActiveCfg = Debug|Any CPU
		{9A0C557C-12E6-4094-A5AF-FC68E6E99937}.Debug|Any CPU.Build.0 = Debug|Any CPU
		{9A0C557C-12E6-4094-A5AF-FC68E6E99937}.Release|Any CPU.ActiveCfg = Release|Any CPU
		{9A0C557C-12E6-4094-A5AF-FC68E6E99937}.Release|Any CPU.Build.0 = Release|Any CPU
		{EE554D2E-97AF-4360-B42F-7752036B9145}.Debug|Any CPU.ActiveCfg = Debug|Any CPU
		{EE554D2E-97AF-4360-B42F-7752036B9145}.Debug|Any CPU.Build.0 = Debug|Any CPU
		{EE554D2E-97AF-4360-B42F-7752036B9145}.Release|Any CPU.ActiveCfg = Release|Any CPU
		{EE554D2E-97AF-4360-B42F-7752036B9145}.Release|Any CPU.Build.0 = Release|Any CPU
		{0C194821-F86C-4E0C-B277-CF608AA2CA09}.Debug|Any CPU.ActiveCfg = Debug|Any CPU
		{0C194821-F86C-4E0C-B277-CF608AA2CA09}.Debug|Any CPU.Build.0 = Debug|Any CPU
		{0C194821-F86C-4E0C-B277-CF608AA2CA09}.Release|Any CPU.ActiveCfg = Release|Any CPU
		{0C194821-F86C-4E0C-B277-CF608AA2CA09}.Release|Any CPU.Build.0 = Release|Any CPU
	EndGlobalSection
	GlobalSection(SolutionProperties) = preSolution
		HideSolutionNode = FALSE
	EndGlobalSection
	GlobalSection(ExtensibilityGlobals) = postSolution
		SolutionGuid = {8E7FEBF7-17A4-4E0E-A80B-E4F129DCC0E1}
	EndGlobalSection
EndGlobal
